
Microsoft Visual Studio Solution File, Format Version 11.00
# Visual Studio 2010
Project("{E24C65DC-7377-472B-9ABA-BC803B73C61A}") = "Math MuncherSite", "Math MuncherSite\", "{E9DAB045-3B3E-412E-B2F4-0F21966F2CE1}"
	ProjectSection(WebsiteProperties) = preProject
		TargetFrameworkMoniker = ".NETFramework,Version%3Dv4.0"
		Debug.AspNetCompiler.VirtualPath = "/Math MuncherSite"
		Debug.AspNetCompiler.PhysicalPath = "Math MuncherSite\"
		Debug.AspNetCompiler.TargetPath = "PrecompiledWeb\Math MuncherSite\"
		Debug.AspNetCompiler.Updateable = "true"
		Debug.AspNetCompiler.ForceOverwrite = "true"
		Debug.AspNetCompiler.FixedNames = "false"
		Debug.AspNetCompiler.Debug = "True"
		Release.AspNetCompiler.VirtualPath = "/Math MuncherSite"
		Release.AspNetCompiler.PhysicalPath = "Math MuncherSite\"
		Release.AspNetCompiler.TargetPath = "PrecompiledWeb\Math MuncherSite\"
		Release.AspNetCompiler.Updateable = "true"
		Release.AspNetCompiler.ForceOverwrite = "true"
		Release.AspNetCompiler.FixedNames = "false"
		Release.AspNetCompiler.Debug = "False"
		VWDPort = "53066"
		ProjOutputReferences = "{3E19A2D7-2D7A-481D-9D39-4C90EEA2DF26}|ClientBin|false;"
	EndProjectSection
EndProject
Project("{FAE04EC0-301F-11D3-BF4B-00C04F79EFBC}") = "MathMuncherMain", "MathMuncherMain\MathMuncherMain.csproj", "{3E19A2D7-2D7A-481D-9D39-4C90EEA2DF26}"
EndProject
Global
	GlobalSection(SolutionConfigurationPlatforms) = preSolution
		Debug|Any CPU = Debug|Any CPU
		Release|Any CPU = Release|Any CPU
	EndGlobalSection
	GlobalSection(ProjectConfigurationPlatforms) = postSolution
		{E9DAB045-3B3E-412E-B2F4-0F21966F2CE1}.Debug|Any CPU.ActiveCfg = Debug|Any CPU
		{E9DAB045-3B3E-412E-B2F4-0F21966F2CE1}.Debug|Any CPU.Build.0 = Debug|Any CPU
		{E9DAB045-3B3E-412E-B2F4-0F21966F2CE1}.Release|Any CPU.ActiveCfg = Release|Any CPU
		{E9DAB045-3B3E-412E-B2F4-0F21966F2CE1}.Release|Any CPU.Build.0 = Release|Any CPU
		{3E19A2D7-2D7A-481D-9D39-4C90EEA2DF26}.Debug|Any CPU.ActiveCfg = Debug|Any CPU
		{3E19A2D7-2D7A-481D-9D39-4C90EEA2DF26}.Debug|Any CPU.Build.0 = Debug|Any CPU
		{3E19A2D7-2D7A-481D-9D39-4C90EEA2DF26}.Release|Any CPU.ActiveCfg = Release|Any CPU
		{3E19A2D7-2D7A-481D-9D39-4C90EEA2DF26}.Release|Any CPU.Build.0 = Release|Any CPU
	EndGlobalSection
	GlobalSection(SolutionProperties) = preSolution
		HideSolutionNode = FALSE
	EndGlobalSection
EndGlobal
