
Microsoft Visual Studio Solution File, Format Version 11.00
# Visual Studio 2010
Project("{E24C65DC-7377-472B-9ABA-BC803B73C61A}") = "State Transitions 2Site", "State Transitions 2Site\", "{A0606113-3125-40CB-B52B-FB18BA6F1221}"
	ProjectSection(WebsiteProperties) = preProject
		TargetFrameworkMoniker = ".NETFramework,Version%3Dv4.0"
		Debug.AspNetCompiler.VirtualPath = "/State Transitions 2Site"
		Debug.AspNetCompiler.PhysicalPath = "State Transitions 2Site\"
		Debug.AspNetCompiler.TargetPath = "PrecompiledWeb\State Transitions 2Site\"
		Debug.AspNetCompiler.Updateable = "true"
		Debug.AspNetCompiler.ForceOverwrite = "true"
		Debug.AspNetCompiler.FixedNames = "false"
		Debug.AspNetCompiler.Debug = "True"
		Release.AspNetCompiler.VirtualPath = "/State Transitions 2Site"
		Release.AspNetCompiler.PhysicalPath = "State Transitions 2Site\"
		Release.AspNetCompiler.TargetPath = "PrecompiledWeb\State Transitions 2Site\"
		Release.AspNetCompiler.Updateable = "true"
		Release.AspNetCompiler.ForceOverwrite = "true"
		Release.AspNetCompiler.FixedNames = "false"
		Release.AspNetCompiler.Debug = "False"
		VWDPort = "65022"
		ProjOutputReferences = "{cbdb18d1-2b90-4c6c-8fd0-6be79481d728}|ClientBin|false;"
	EndProjectSection
EndProject
Project("{FAE04EC0-301F-11D3-BF4B-00C04F79EFBC}") = "State Transitions 2", "State Transitions 2\State Transitions 2.csproj", "{CBDB18D1-2B90-4C6C-8FD0-6BE79481D728}"
EndProject
Global
	GlobalSection(SolutionConfigurationPlatforms) = preSolution
		Debug|Any CPU = Debug|Any CPU
		Release|Any CPU = Release|Any CPU
	EndGlobalSection
	GlobalSection(ProjectConfigurationPlatforms) = postSolution
		{A0606113-3125-40CB-B52B-FB18BA6F1221}.Debug|Any CPU.ActiveCfg = Debug|Any CPU
		{A0606113-3125-40CB-B52B-FB18BA6F1221}.Debug|Any CPU.Build.0 = Debug|Any CPU
		{A0606113-3125-40CB-B52B-FB18BA6F1221}.Release|Any CPU.ActiveCfg = Release|Any CPU
		{A0606113-3125-40CB-B52B-FB18BA6F1221}.Release|Any CPU.Build.0 = Release|Any CPU
		{CBDB18D1-2B90-4C6C-8FD0-6BE79481D728}.Debug|Any CPU.ActiveCfg = Debug|Any CPU
		{CBDB18D1-2B90-4C6C-8FD0-6BE79481D728}.Debug|Any CPU.Build.0 = Debug|Any CPU
		{CBDB18D1-2B90-4C6C-8FD0-6BE79481D728}.Release|Any CPU.ActiveCfg = Release|Any CPU
		{CBDB18D1-2B90-4C6C-8FD0-6BE79481D728}.Release|Any CPU.Build.0 = Release|Any CPU
	EndGlobalSection
	GlobalSection(SolutionProperties) = preSolution
		HideSolutionNode = FALSE
	EndGlobalSection
EndGlobal
